github.com/gorilla/rpc v1.2.0 h1:WvvdC2lNeT1SP32zrIce5l0ECBfbAlmrmSBsuc57wfk=
github.com/gorilla/rpc v1.2.0/go.mod h1:V4h9r+4sF5HnzqbwIez0fKSpANP0zlYd3qR7p36jkTQ=
go.uber.org/atomic v1.4.0 h1:cxzIVoETapQEqDhQu3QfnvXAV4AlzcvUCxkVUFw3+EU=
go.uber.org/atomic v1.4.0/go.mod h1:gD2HeocX3+yG+ygLZcrzQJaqmWj9AIm7n08wl/qW/PE=
go.uber.org/dig v1.7.0 h1:E5/L92iQTNJTjfgJF2KgU+/JpMaiuvK2DHLBj0+kSZk=
go.uber.org/dig v1.7.0/go.mod h1:z+dSd2TP9Usi48jL8M3v63iSBVkiwtVyMKxMZYYauPg=
go.uber.org/fx v1.9.0 h1:7OAz8ucp35AU8eydejpYG7QrbE8rLKzGhHbZlJi5LYY=
go.uber.org/fx v1.9.0/go.mod h1:mFdUyAUuJ3w4jAckiKSKbldsxy1ojpAMJ+dVZg5Y0Aw=
go.uber.org/multierr v1.1.0 h1:HoEmRHQPVSqub6w2z2d2EOVs2fjyFRGyofhKuyDq0QI=
go.uber.org/multierr v1.1.0/go.mod h1:wR5kodmAFQ0UK8QlbwjlSNy0Z68gJhDJUG5sjR94q/0=
gopkg.in/urfave/cli.v2 v2.0.0-20180128182452-d3ae77c26ac8 h1:Ggy3mWN4l3PUFPfSG0YB3n5fVYggzysUmiUQ89SnX6Y=
gopkg.in/urfave/cli.v2 v2.0.0-20180128182452-d3ae77c26ac8/go.mod h1:cKXr3E0k4aosgycml1b5z33BVV6hai1Kh7uDgFOkbcs=
